
Microsoft Visual Studio Solution File, Format Version 12.00
# Visual Studio Version 17
VisualStudioVersion = 17.0.31903.59
MinimumVisualStudioVersion = 10.0.40219.1
Project("{2150E333-8FDC-42A3-9474-1A3956D46DE8}") = "src", "src", "{827E0CD3-B72D-47B6-A68D-7590B98EB39B}"
EndProject
Project("{FAE04EC0-301F-11D3-BF4B-00C04F79EFBC}") = "PvStringCheck.Domain", "src\PvStringCheck.Domain\PvStringCheck.Domain.csproj", "{A2978824-0C69-4DD5-996D-97F1B5D6301C}"
EndProject
Project("{FAE04EC0-301F-11D3-BF4B-00C04F79EFBC}") = "PvStringCheck.Application", "src\PvStringCheck.Application\PvStringCheck.Application.csproj", "{C7B73E6A-F621-40E7-9AF9-7D4E58EC9F2C}"
EndProject
Project("{FAE04EC0-301F-11D3-BF4B-00C04F79EFBC}") = "PvStringCheck.Api", "src\PvStringCheck.Api\PvStringCheck.Api.csproj", "{BFF42991-9A14-4991-918B-2E04C3D67417}"
EndProject
Project("{2150E333-8FDC-42A3-9474-1A3956D46DE8}") = "tests", "tests", "{0AB3BF05-4346-4AA6-1389-037BE0695223}"
EndProject
Project("{FAE04EC0-301F-11D3-BF4B-00C04F79EFBC}") = "PvStringCheck.Domain.Tests", "tests\PvStringCheck.Domain.Tests\PvStringCheck.Domain.Tests.csproj", "{413226F9-6755-4E74-9DC7-5B826A18BBAD}"
EndProject
Global
	GlobalSection(SolutionConfigurationPlatforms) = preSolution
		Debug|Any CPU = Debug|Any CPU
		Debug|x64 = Debug|x64
		Debug|x86 = Debug|x86
		Release|Any CPU = Release|Any CPU
		Release|x64 = Release|x64
		Release|x86 = Release|x86
	EndGlobalSection
	GlobalSection(ProjectConfigurationPlatforms) = postSolution
		{A2978824-0C69-4DD5-996D-97F1B5D6301C}.Debug|Any CPU.ActiveCfg = Debug|Any CPU
		{A2978824-0C69-4DD5-996D-97F1B5D6301C}.Debug|Any CPU.Build.0 = Debug|Any CPU
		{A2978824-0C69-4DD5-996D-97F1B5D6301C}.Debug|x64.ActiveCfg = Debug|Any CPU
		{A2978824-0C69-4DD5-996D-97F1B5D6301C}.Debug|x64.Build.0 = Debug|Any CPU
		{A2978824-0C69-4DD5-996D-97F1B5D6301C}.Debug|x86.ActiveCfg = Debug|Any CPU
		{A2978824-0C69-4DD5-996D-97F1B5D6301C}.Debug|x86.Build.0 = Debug|Any CPU
		{A2978824-0C69-4DD5-996D-97F1B5D6301C}.Release|Any CPU.ActiveCfg = Release|Any CPU
		{A2978824-0C69-4DD5-996D-97F1B5D6301C}.Release|Any CPU.Build.0 = Release|Any CPU
		{A2978824-0C69-4DD5-996D-97F1B5D6301C}.Release|x64.ActiveCfg = Release|Any CPU
		{A2978824-0C69-4DD5-996D-97F1B5D6301C}.Release|x64.Build.0 = Release|Any CPU
		{A2978824-0C69-4DD5-996D-97F1B5D6301C}.Release|x86.ActiveCfg = Release|Any CPU
		{A2978824-0C69-4DD5-996D-97F1B5D6301C}.Release|x86.Build.0 = Release|Any CPU
		{C7B73E6A-F621-40E7-9AF9-7D4E58EC9F2C}.Debug|Any CPU.ActiveCfg = Debug|Any CPU
		{C7B73E6A-F621-40E7-9AF9-7D4E58EC9F2C}.Debug|Any CPU.Build.0 = Debug|Any CPU
		{C7B73E6A-F621-40E7-9AF9-7D4E58EC9F2C}.Debug|x64.ActiveCfg = Debug|Any CPU
		{C7B73E6A-F621-40E7-9AF9-7D4E58EC9F2C}.Debug|x64.Build.0 = Debug|Any CPU
		{C7B73E6A-F621-40E7-9AF9-7D4E58EC9F2C}.Debug|x86.ActiveCfg = Debug|Any CPU
		{C7B73E6A-F621-40E7-9AF9-7D4E58EC9F2C}.Debug|x86.Build.0 = Debug|Any CPU
		{C7B73E6A-F621-40E7-9AF9-7D4E58EC9F2C}.Release|Any CPU.ActiveCfg = Release|Any CPU
		{C7B73E6A-F621-40E7-9AF9-7D4E58EC9F2C}.Release|Any CPU.Build.0 = Release|Any CPU
		{C7B73E6A-F621-40E7-9AF9-7D4E58EC9F2C}.Release|x64.ActiveCfg = Release|Any CPU
		{C7B73E6A-F621-40E7-9AF9-7D4E58EC9F2C}.Release|x64.Build.0 = Release|Any CPU
		{C7B73E6A-F621-40E7-9AF9-7D4E58EC9F2C}.Release|x86.ActiveCfg = Release|Any CPU
		{C7B73E6A-F621-40E7-9AF9-7D4E58EC9F2C}.Release|x86.Build.0 = Release|Any CPU
		{BFF42991-9A14-4991-918B-2E04C3D67417}.Debug|Any CPU.ActiveCfg = Debug|Any CPU
		{BFF42991-9A14-4991-918B-2E04C3D67417}.Debug|Any CPU.Build.0 = Debug|Any CPU
		{BFF42991-9A14-4991-918B-2E04C3D67417}.Debug|x64.ActiveCfg = Debug|Any CPU
		{BFF42991-9A14-4991-918B-2E04C3D67417}.Debug|x64.Build.0 = Debug|Any CPU
		{BFF42991-9A14-4991-918B-2E04C3D67417}.Debug|x86.ActiveCfg = Debug|Any CPU
		{BFF42991-9A14-4991-918B-2E04C3D67417}.Debug|x86.Build.0 = Debug|Any CPU
		{BFF42991-9A14-4991-918B-2E04C3D67417}.Release|Any CPU.ActiveCfg = Release|Any CPU
		{BFF42991-9A14-4991-918B-2E04C3D67417}.Release|Any CPU.Build.0 = Release|Any CPU
		{BFF42991-9A14-4991-918B-2E04C3D67417}.Release|x64.ActiveCfg = Release|Any CPU
		{BFF42991-9A14-4991-918B-2E04C3D67417}.Release|x64.Build.0 = Release|Any CPU
		{BFF42991-9A14-4991-918B-2E04C3D67417}.Release|x86.ActiveCfg = Release|Any CPU
		{BFF42991-9A14-4991-918B-2E04C3D67417}.Release|x86.Build.0 = Release|Any CPU
		{413226F9-6755-4E74-9DC7-5B826A18BBAD}.Debug|Any CPU.ActiveCfg = Debug|Any CPU
		{413226F9-6755-4E74-9DC7-5B826A18BBAD}.Debug|Any CPU.Build.0 = Debug|Any CPU
		{413226F9-6755-4E74-9DC7-5B826A18BBAD}.Debug|x64.ActiveCfg = Debug|Any CPU
		{413226F9-6755-4E74-9DC7-5B826A18BBAD}.Debug|x64.Build.0 = Debug|Any CPU
		{413226F9-6755-4E74-9DC7-5B826A18BBAD}.Debug|x86.ActiveCfg = Debug|Any CPU
		{413226F9-6755-4E74-9DC7-5B826A18BBAD}.Debug|x86.Build.0 = Debug|Any CPU
		{413226F9-6755-4E74-9DC7-5B826A18BBAD}.Release|Any CPU.ActiveCfg = Release|Any CPU
		{413226F9-6755-4E74-9DC7-5B826A18BBAD}.Release|Any CPU.Build.0 = Release|Any CPU
		{413226F9-6755-4E74-9DC7-5B826A18BBAD}.Release|x64.ActiveCfg = Release|Any CPU
		{413226F9-6755-4E74-9DC7-5B826A18BBAD}.Release|x64.Build.0 = Release|Any CPU
		{413226F9-6755-4E74-9DC7-5B826A18BBAD}.Release|x86.ActiveCfg = Release|Any CPU
		{413226F9-6755-4E74-9DC7-5B826A18BBAD}.Release|x86.Build.0 = Release|Any CPU
	EndGlobalSection
	GlobalSection(SolutionProperties) = preSolution
		HideSolutionNode = FALSE
	EndGlobalSection
	GlobalSection(NestedProjects) = preSolution
		{A2978824-0C69-4DD5-996D-97F1B5D6301C} = {827E0CD3-B72D-47B6-A68D-7590B98EB39B}
		{C7B73E6A-F621-40E7-9AF9-7D4E58EC9F2C} = {827E0CD3-B72D-47B6-A68D-7590B98EB39B}
		{BFF42991-9A14-4991-918B-2E04C3D67417} = {827E0CD3-B72D-47B6-A68D-7590B98EB39B}
		{413226F9-6755-4E74-9DC7-5B826A18BBAD} = {0AB3BF05-4346-4AA6-1389-037BE0695223}
	EndGlobalSection
EndGlobal
